Microsoft Visual Studio Solution File, Format Version 12.00
# Visual Studio Version 17
VisualStudioVersion = 17.13.35919.96
MinimumVisualStudioVersion = 10.0.40219.1
Project("{FAE04EC0-301F-11D3-BF4B-00C04F79EFBC}") = "GenSpil", "GenSpil.csproj", "{D00F478B-F755-4A8F-8394-9F21867D5667}"
EndProject
Project("{FAE04EC0-301F-11D3-BF4B-00C04F79EFBC}") = "TestProject1", "..\TestProject1\TestProject1.csproj", "{34878D13-F7A4-49D2-B2AD-33356132F849}"
EndProject
Global
	GlobalSection(SolutionConfigurationPlatforms) = preSolution
		Debug|Any CPU = Debug|Any CPU
		Release|Any CPU = Release|Any CPU
	EndGlobalSection
	GlobalSection(ProjectConfigurationPlatforms) = postSolution
		{D00F478B-F755-4A8F-8394-9F21867D5667}.Debug|Any CPU.ActiveCfg = Debug|Any CPU
		{D00F478B-F755-4A8F-8394-9F21867D5667}.Debug|Any CPU.Build.0 = Debug|Any CPU
		{D00F478B-F755-4A8F-8394-9F21867D5667}.Release|Any CPU.ActiveCfg = Release|Any CPU
		{D00F478B-F755-4A8F-8394-9F21867D5667}.Release|Any CPU.Build.0 = Release|Any CPU
		{34878D13-F7A4-49D2-B2AD-33356132F849}.Debug|Any CPU.ActiveCfg = Debug|Any CPU
		{34878D13-F7A4-49D2-B2AD-33356132F849}.Debug|Any CPU.Build.0 = Debug|Any CPU
		{34878D13-F7A4-49D2-B2AD-33356132F849}.Release|Any CPU.ActiveCfg = Release|Any CPU
		{34878D13-F7A4-49D2-B2AD-33356132F849}.Release|Any CPU.Build.0 = Release|Any CPU
	EndGlobalSection
	GlobalSection(SolutionProperties) = preSolution
		HideSolutionNode = FALSE
	EndGlobalSection
	GlobalSection(ExtensibilityGlobals) = postSolution
		SolutionGuid = {5D995C44-85E6-4CFB-A3F5-300E9A35970D}
	EndGlobalSection
EndGlobal
